


Microsoft Visual Studio Solution File, Format Version 12.00
# Example of solution file
VisualStudioVersion = 17.0.31903.59
MinimumVisualStudioVersion = 10.0.40219.1
Project("{2150E333-8FDC-42A3-9474-1A3956D46DE8}") = "src", "src", "{6D7FD92B-9F1B-4E2F-9F4D-8F2775D33697}"
EndProject
Project("{FAE04EC0-301F-11D3-BF4B-00C04F79EFBC}") = "ConsoleApp", "src\ConsoleApp\ConsoleApp.csproj", "{59FA7E00-9569-4EFF-81FA-565508D9F003}"
EndProject
Global
	GlobalSection(SolutionConfigurationPlatforms) = preSolution
		Debug|Any CPU = Debug|Any CPU
		Release|Any CPU = Release|Any CPU
	EndGlobalSection
	GlobalSection(SolutionProperties) = preSolution
		HideSolutionNode = FALSE
	EndGlobalSection
	GlobalSection(ProjectConfigurationPlatforms) = postSolution
		{59FA7E00-9569-4EFF-81FA-565508D9F003}.Debug|Any CPU.ActiveCfg = Debug|Any CPU
		{59FA7E00-9569-4EFF-81FA-565508D9F003}.Debug|Any CPU.Build.0 = Debug|Any CPU
		{59FA7E00-9569-4EFF-81FA-565508D9F003}.Release|Any CPU.ActiveCfg = Release|Any CPU
		{59FA7E00-9569-4EFF-81FA-565508D9F003}.Release|Any CPU.Build.0 = Release|Any CPU
	EndGlobalSection
	GlobalSection(NestedProjects) = preSolution
		{59FA7E00-9569-4EFF-81FA-565508D9F003} = {6D7FD92B-9F1B-4E2F-9F4D-8F2775D33697}
	EndGlobalSection
EndGlobal
